
Microsoft Visual Studio Solution File, Format Version 12.00
# Visual Studio Version 16
VisualStudioVersion = 16.0.30225.117
MinimumVisualStudioVersion = 10.0.40219.1
Project("{FAE04EC0-301F-11D3-BF4B-00C04F79EFBC}") = "sedo", "sedo\sedo.csproj", "{A1C7FD44-E09C-4FB1-B84E-0CE1CB072DAB}"
EndProject
Global
	GlobalSection(SolutionConfigurationPlatforms) = preSolution
		Debug|Any CPU = Debug|Any CPU
		Release|Any CPU = Release|Any CPU
	EndGlobalSection
	GlobalSection(ProjectConfigurationPlatforms) = postSolution
		{A1C7FD44-E09C-4FB1-B84E-0CE1CB072DAB}.Debug|Any CPU.ActiveCfg = Debug|Any CPU
		{A1C7FD44-E09C-4FB1-B84E-0CE1CB072DAB}.Debug|Any CPU.Build.0 = Debug|Any CPU
		{A1C7FD44-E09C-4FB1-B84E-0CE1CB072DAB}.Release|Any CPU.ActiveCfg = Release|Any CPU
		{A1C7FD44-E09C-4FB1-B84E-0CE1CB072DAB}.Release|Any CPU.Build.0 = Release|Any CPU
	EndGlobalSection
	GlobalSection(SolutionProperties) = preSolution
		HideSolutionNode = FALSE
	EndGlobalSection
	GlobalSection(ExtensibilityGlobals) = postSolution
		SolutionGuid = {D4761C2E-C32B-447C-8D6E-5CE257331BA3}
	EndGlobalSection
EndGlobal
